
Microsoft Visual Studio Solution File, Format Version 12.00
# Visual Studio Version 16
VisualStudioVersion = 16.0.31729.503
MinimumVisualStudioVersion = 10.0.40219.1
Project("{FAE04EC0-301F-11D3-BF4B-00C04F79EFBC}") = "Chore Tracking Application", "Chore Tracking Application\Chore Tracking Application.csproj", "{3DADEDD0-683B-4A62-AE96-A6C8EF1562F3}"
EndProject
Global
	GlobalSection(SolutionConfigurationPlatforms) = preSolution
		Debug|Any CPU = Debug|Any CPU
		Release|Any CPU = Release|Any CPU
	EndGlobalSection
	GlobalSection(ProjectConfigurationPlatforms) = postSolution
		{3DADEDD0-683B-4A62-AE96-A6C8EF1562F3}.Debug|Any CPU.ActiveCfg = Debug|Any CPU
		{3DADEDD0-683B-4A62-AE96-A6C8EF1562F3}.Debug|Any CPU.Build.0 = Debug|Any CPU
		{3DADEDD0-683B-4A62-AE96-A6C8EF1562F3}.Release|Any CPU.ActiveCfg = Release|Any CPU
		{3DADEDD0-683B-4A62-AE96-A6C8EF1562F3}.Release|Any CPU.Build.0 = Release|Any CPU
	EndGlobalSection
	GlobalSection(SolutionProperties) = preSolution
		HideSolutionNode = FALSE
	EndGlobalSection
	GlobalSection(ExtensibilityGlobals) = postSolution
		SolutionGuid = {26C3FBC4-7172-4C61-AF79-070DD6EFEA7F}
	EndGlobalSection
EndGlobal
